{
  "version": 1,
  "dependencies": {
    "net10.0-windows7.0": {
      "Microsoft.NET.ILLink.Tasks": {
        "type": "Direct",
        "requested": "[10.0.0, )",
        "resolved": "10.0.0",
        "contentHash": "kICGrGYEzCNI3wPzfEXcwNHgTvlvVn9yJDhSdRK+oZQy4jvYH529u7O0xf5ocQKzOMjfS07+3z9PKRIjrFMJDA=="
      },
      "System.ServiceProcess.ServiceController": {
        "type": "Direct",
        "requested": "[10.0.2, )",
        "resolved": "10.0.2",
        "contentHash": "DQgLDzErB8KZjORot7bUkcq3xhJ2MqpgJUy+jHCsrval0SmRrIkfmu4C0O97KKvPfejSfnV7Ne2LI3qnebxh8w==",
        "dependencies": {
          "System.Diagnostics.EventLog": "10.0.2"
        }
      },
      "BlackSharp.Core": {
        "type": "Transitive",
        "resolved": "1.0.7",
        "contentHash": "LbEc4w0oZ7w4p6+8OjPZgwsJW470aQRuYZgZ9aMN2PW9R79pW3OnZQ32AVVx/21rstX9mKbXaOLWpSAxoANYxQ=="
      },
      "DiskInfoToolkit": {
        "type": "Transitive",
        "resolved": "1.1.2",
        "contentHash": "vN46svt1hQDkm269p6CzfwDpb/fbyp8oNQuePcvjNSryPLfsxIJZU8amEhir+x5bsKd0ymOXTySzPwFO8o0dpw==",
        "dependencies": {
          "BlackSharp.Core": "1.0.7"
        }
      },
      "HidSharp": {
        "type": "Transitive",
        "resolved": "2.6.4",
        "contentHash": "UcGvtnXFcatwHBXr+ei8GEXvg//wjGmDGQ6Xvb+7M4vHjURAhSLIJ+dSZv0BnAhQEpNlH8G4P7JxYnMH8Aph4g=="
      },
      "Mono.Posix.NETStandard": {
        "type": "Transitive",
        "resolved": "1.0.0",
        "contentHash": "vSN/L1uaVwKsiLa95bYu2SGkF0iY3xMblTfxc8alSziPuVfJpj3geVqHGAA75J7cZkMuKpFVikz82Lo6y6LLdA=="
      },
      "RAMSPDToolkit-NDD": {
        "type": "Transitive",
        "resolved": "1.4.2",
        "contentHash": "pqIwn/HqXFnW4FVKybq6gZh3YK14OOLGWkgZzDdewjAInCOu86EO2L+FCQo8j1/v1sKwv+vgX5pnehxyrlJYJw==",
        "dependencies": {
          "BlackSharp.Core": "1.0.4",
          "System.Management": "10.0.0"
        }
      },
      "runtime.android-arm.runtime.native.System.IO.Ports": {
        "type": "Transitive",
        "resolved": "10.0.2",
        "contentHash": "iv4A6c1a0pBn8vdbi86vfbcgSmYNLcv++EUqraO46JS4VZatJFIr3VMExUoulAZJQbL9JNl/qHSYX/1SSNTN9Q=="
      },
      "runtime.android-arm64.runtime.native.System.IO.Ports": {
        "type": "Transitive",
        "resolved": "10.0.2",
        "contentHash": "FU2+iYaX6S8yhxcKogKomMCup8tlyq1YNhbZmGzxDR7mRJzOOBbGLJusT7wf0ekRKY3JE4V3mHyzlyPUtKf/Xg=="
      },
      "runtime.android-x64.runtime.native.System.IO.Ports": {
        "type": "Transitive",
        "resolved": "10.0.2",
        "contentHash": "mc3NRZQ2NxBMxpV96Gz5WHS83eVoh/p+l80qfWouOcT6Vr3TAp/GMSNxKThVjzM/WtkSfv9PBoq3yxwoxGMOyw=="
      },
      "runtime.android-x86.runtime.native.System.IO.Ports": {
        "type": "Transitive",
        "resolved": "10.0.2",
        "contentHash": "8rV0zZO4x2P0s2LXVTTTtQMBXj+krLIrIHzISkPAnt+EYKNqyZYTzYvciKs3Ch4FXaGui72BeyTyyKMxCQUxqg=="
      },
      "runtime.linux-arm.runtime.native.System.IO.Ports": {
        "type": "Transitive",
        "resolved": "10.0.2",
        "contentHash": "ASg7aOuZNDZoClQiGAgNBwyZERuViax0afI8CwPn5k3G3pIyCiyFA12jXq8ZC6LtMaEuTrAmJy+iojdd3ylsMA=="
      },
      "runtime.linux-arm64.runtime.native.System.IO.Ports": {
        "type": "Transitive",
        "resolved": "10.0.2",
        "contentHash": "sb/jZ3VkFSW1qGJJn3f6PXVcPyOp3FkoKyM1ze5igKcXFbYIwdXp1FnAafR3tAaWZudph+SSmyf8J28faEd66Q=="
      },
      "runtime.linux-bionic-arm64.runtime.native.System.IO.Ports": {
        "type": "Transitive",
        "resolved": "10.0.2",
        "contentHash": "5aaJxDqihWpEjZ/aC6LMnjUwizo+v+X1TnkIKKDiswMcTIvtGMD5hN7rIIAdnizO9/3MBShOH5nphBdgMhI5ZA=="
      },
      "runtime.linux-bionic-x64.runtime.native.System.IO.Ports": {
        "type": "Transitive",
        "resolved": "10.0.2",
        "contentHash": "joKAwbWU2HTcCJlei0LWFe1+XPBRwOL4XnFNXe5Fbe0iPiufJhukjUeDzAxM6DRw0QnZJQFnVTvg9QlBU8wZEw=="
      },
      "runtime.linux-musl-arm.runtime.native.System.IO.Ports": {
        "type": "Transitive",
        "resolved": "10.0.2",
        "contentHash": "kjYKdwUi33eY6/Po42i549NNqDu0EiRc00uerabK3oYhmCRfJ8BMHvAwV/1eHEznd1Ixe8kj83oJPFLoae9l+Q=="
      },
      "runtime.linux-musl-arm64.runtime.native.System.IO.Ports": {
        "type": "Transitive",
        "resolved": "10.0.2",
        "contentHash": "io2YORj6hdPUn7wNM8HPl7r86Ktkq0MdV69VJPXYKip8F1Xjc8vxqfcBUwLBfwT0KJGcZUmJsP5cLn3Tjak1MQ=="
      },
      "runtime.linux-musl-x64.runtime.native.System.IO.Ports": {
        "type": "Transitive",
        "resolved": "10.0.2",
        "contentHash": "Hvof6YX0pCKGZe2YGRIWohYyhtavGpi/XNgOsglRyuirEVTp3DbYFEdpsuA3wip/OYJI1rMp6Z32580HEyMXPg=="
      },
      "runtime.linux-x64.runtime.native.System.IO.Ports": {
        "type": "Transitive",
        "resolved": "10.0.2",
        "contentHash": "BUePy78z4T0SzB+lNTLGaZ8rJArVE49b3qIhYHNda9Dwm/D8KB6KCsOQvbaxRBcWiIaZbVciq3rokSBc10+nOw=="
      },
      "runtime.maccatalyst-arm64.runtime.native.System.IO.Ports": {
        "type": "Transitive",
        "resolved": "10.0.2",
        "contentHash": "xzTbMrIIWHlFKK6NFRMIsHfzqK2dHbExxe9vFPUiqc3X1LDQQDhZayaBSQqpuJ/uy62UMjXsAeik868LRzNnBQ=="
      },
      "runtime.maccatalyst-x64.runtime.native.System.IO.Ports": {
        "type": "Transitive",
        "resolved": "10.0.2",
        "contentHash": "WwN/tR/UWni/lHlEj5uEMsVl9581YFw8yHTDuqxQMOREh1yk1F8DMjC8zC8pMtGsEdwGB/fcV9W9f1WtKgvvpw=="
      },
      "runtime.native.System.IO.Ports": {
        "type": "Transitive",
        "resolved": "10.0.2",
        "contentHash": "7MsxsMsP09mgDks8zmBmnCJ2ISx0yQulnD3RXb3Hd2lGgbIb/Auje5P/jhqEpKwxw2eZoDbZB6q4yhlxZubUYg==",
        "dependencies": {
          "runtime.android-arm.runtime.native.System.IO.Ports": "10.0.2",
          "runtime.android-arm64.runtime.native.System.IO.Ports": "10.0.2",
          "runtime.android-x64.runtime.native.System.IO.Ports": "10.0.2",
          "runtime.android-x86.runtime.native.System.IO.Ports": "10.0.2",
          "runtime.linux-arm.runtime.native.System.IO.Ports": "10.0.2",
          "runtime.linux-arm64.runtime.native.System.IO.Ports": "10.0.2",
          "runtime.linux-bionic-arm64.runtime.native.System.IO.Ports": "10.0.2",
          "runtime.linux-bionic-x64.runtime.native.System.IO.Ports": "10.0.2",
          "runtime.linux-musl-arm.runtime.native.System.IO.Ports": "10.0.2",
          "runtime.linux-musl-arm64.runtime.native.System.IO.Ports": "10.0.2",
          "runtime.linux-musl-x64.runtime.native.System.IO.Ports": "10.0.2",
          "runtime.linux-x64.runtime.native.System.IO.Ports": "10.0.2",
          "runtime.maccatalyst-arm64.runtime.native.System.IO.Ports": "10.0.2",
          "runtime.maccatalyst-x64.runtime.native.System.IO.Ports": "10.0.2",
          "runtime.osx-arm64.runtime.native.System.IO.Ports": "10.0.2",
          "runtime.osx-x64.runtime.native.System.IO.Ports": "10.0.2"
        }
      },
      "runtime.osx-arm64.runtime.native.System.IO.Ports": {
        "type": "Transitive",
        "resolved": "10.0.2",
        "contentHash": "DLFAh5tn8mAyYWyd9KsC7iAziCTqqPRHSgHfMVLzKQ5se+lD5+IGlRZHUhgTRjwyzNtUj7m45ubmRgSGTeVxqg=="
      },
      "runtime.osx-x64.runtime.native.System.IO.Ports": {
        "type": "Transitive",
        "resolved": "10.0.2",
        "contentHash": "7qkjIliunkat0eNB/4J12PXmimcJv439VCgc2kuVZIjMg7Mvrev3uNG3m2I2mTpSSSPIhV8ycXgAeoXuHODY0g=="
      },
      "System.CodeDom": {
        "type": "Transitive",
        "resolved": "10.0.2",
        "contentHash": "eih1MnL4tnSjHUhzae0dmpu50Sm0s54faHZc8yhzYfmubAubkBIIulYYN28fasD1m41mhl6Cenhs9/F0aLv3FA=="
      },
      "System.Diagnostics.EventLog": {
        "type": "Transitive",
        "resolved": "10.0.2",
        "contentHash": "TJPpTLF5MFPobq09c9BQ5X8QuviQfsKvH0Jbm7MkGylGvfIdRqJQLZDPC5sMRFkk9aZhmgir1NJKekip2NxfaA=="
      },
      "System.IO.FileSystem.AccessControl": {
        "type": "Transitive",
        "resolved": "5.0.0",
        "contentHash": "SxHB3nuNrpptVk+vZ/F+7OHEpoHUIKKMl02bUmYHQr1r+glbZQxs7pRtsf4ENO29TVm2TH3AEeep2fJcy92oYw=="
      },
      "System.IO.Ports": {
        "type": "Transitive",
        "resolved": "10.0.2",
        "contentHash": "M3KujcSLPji8JPkv97PwMHmKsT/UpsEuPsKdu3oAprROJz3oO71T2dmMKmOCZWiPbQvkwHEhx0rEHYwtbOpmXA==",
        "dependencies": {
          "runtime.native.System.IO.Ports": "10.0.2"
        }
      },
      "System.Management": {
        "type": "Transitive",
        "resolved": "10.0.2",
        "contentHash": "eFftuy3i844lVKCb4lJvvjKfcvPVcW8KrAdSaIOcRL42/Fisj46hwUs8Bky+4avzMe5Snm5t7aSayOI1mybYXg==",
        "dependencies": {
          "System.CodeDom": "10.0.2"
        }
      },
      "librehardwaremonitorlib": {
        "type": "Project",
        "dependencies": {
          "DiskInfoToolkit": "[1.1.2, )",
          "HidSharp": "[2.6.4, )",
          "Mono.Posix.NETStandard": "[1.0.0, )",
          "RAMSPDToolkit-NDD": "[1.4.2, )",
          "System.IO.FileSystem.AccessControl": "[5.0.0, )",
          "System.IO.Ports": "[10.0.2, )",
          "System.Management": "[10.0.2, )"
        }
      }
    },
    "net10.0-windows7.0/win-x64": {
      "System.ServiceProcess.ServiceController": {
        "type": "Direct",
        "requested": "[10.0.2, )",
        "resolved": "10.0.2",
        "contentHash": "DQgLDzErB8KZjORot7bUkcq3xhJ2MqpgJUy+jHCsrval0SmRrIkfmu4C0O97KKvPfejSfnV7Ne2LI3qnebxh8w==",
        "dependencies": {
          "System.Diagnostics.EventLog": "10.0.2"
        }
      },
      "Mono.Posix.NETStandard": {
        "type": "Transitive",
        "resolved": "1.0.0",
        "contentHash": "vSN/L1uaVwKsiLa95bYu2SGkF0iY3xMblTfxc8alSziPuVfJpj3geVqHGAA75J7cZkMuKpFVikz82Lo6y6LLdA=="
      },
      "runtime.android-arm.runtime.native.System.IO.Ports": {
        "type": "Transitive",
        "resolved": "10.0.2",
        "contentHash": "iv4A6c1a0pBn8vdbi86vfbcgSmYNLcv++EUqraO46JS4VZatJFIr3VMExUoulAZJQbL9JNl/qHSYX/1SSNTN9Q=="
      },
      "runtime.android-arm64.runtime.native.System.IO.Ports": {
        "type": "Transitive",
        "resolved": "10.0.2",
        "contentHash": "FU2+iYaX6S8yhxcKogKomMCup8tlyq1YNhbZmGzxDR7mRJzOOBbGLJusT7wf0ekRKY3JE4V3mHyzlyPUtKf/Xg=="
      },
      "runtime.android-x64.runtime.native.System.IO.Ports": {
        "type": "Transitive",
        "resolved": "10.0.2",
        "contentHash": "mc3NRZQ2NxBMxpV96Gz5WHS83eVoh/p+l80qfWouOcT6Vr3TAp/GMSNxKThVjzM/WtkSfv9PBoq3yxwoxGMOyw=="
      },
      "runtime.android-x86.runtime.native.System.IO.Ports": {
        "type": "Transitive",
        "resolved": "10.0.2",
        "contentHash": "8rV0zZO4x2P0s2LXVTTTtQMBXj+krLIrIHzISkPAnt+EYKNqyZYTzYvciKs3Ch4FXaGui72BeyTyyKMxCQUxqg=="
      },
      "runtime.linux-arm.runtime.native.System.IO.Ports": {
        "type": "Transitive",
        "resolved": "10.0.2",
        "contentHash": "ASg7aOuZNDZoClQiGAgNBwyZERuViax0afI8CwPn5k3G3pIyCiyFA12jXq8ZC6LtMaEuTrAmJy+iojdd3ylsMA=="
      },
      "runtime.linux-arm64.runtime.native.System.IO.Ports": {
        "type": "Transitive",
        "resolved": "10.0.2",
        "contentHash": "sb/jZ3VkFSW1qGJJn3f6PXVcPyOp3FkoKyM1ze5igKcXFbYIwdXp1FnAafR3tAaWZudph+SSmyf8J28faEd66Q=="
      },
      "runtime.linux-bionic-arm64.runtime.native.System.IO.Ports": {
        "type": "Transitive",
        "resolved": "10.0.2",
        "contentHash": "5aaJxDqihWpEjZ/aC6LMnjUwizo+v+X1TnkIKKDiswMcTIvtGMD5hN7rIIAdnizO9/3MBShOH5nphBdgMhI5ZA=="
      },
      "runtime.linux-bionic-x64.runtime.native.System.IO.Ports": {
        "type": "Transitive",
        "resolved": "10.0.2",
        "contentHash": "joKAwbWU2HTcCJlei0LWFe1+XPBRwOL4XnFNXe5Fbe0iPiufJhukjUeDzAxM6DRw0QnZJQFnVTvg9QlBU8wZEw=="
      },
      "runtime.linux-musl-arm.runtime.native.System.IO.Ports": {
        "type": "Transitive",
        "resolved": "10.0.2",
        "contentHash": "kjYKdwUi33eY6/Po42i549NNqDu0EiRc00uerabK3oYhmCRfJ8BMHvAwV/1eHEznd1Ixe8kj83oJPFLoae9l+Q=="
      },
      "runtime.linux-musl-arm64.runtime.native.System.IO.Ports": {
        "type": "Transitive",
        "resolved": "10.0.2",
        "contentHash": "io2YORj6hdPUn7wNM8HPl7r86Ktkq0MdV69VJPXYKip8F1Xjc8vxqfcBUwLBfwT0KJGcZUmJsP5cLn3Tjak1MQ=="
      },
      "runtime.linux-musl-x64.runtime.native.System.IO.Ports": {
        "type": "Transitive",
        "resolved": "10.0.2",
        "contentHash": "Hvof6YX0pCKGZe2YGRIWohYyhtavGpi/XNgOsglRyuirEVTp3DbYFEdpsuA3wip/OYJI1rMp6Z32580HEyMXPg=="
      },
      "runtime.linux-x64.runtime.native.System.IO.Ports": {
        "type": "Transitive",
        "resolved": "10.0.2",
        "contentHash": "BUePy78z4T0SzB+lNTLGaZ8rJArVE49b3qIhYHNda9Dwm/D8KB6KCsOQvbaxRBcWiIaZbVciq3rokSBc10+nOw=="
      },
      "runtime.maccatalyst-arm64.runtime.native.System.IO.Ports": {
        "type": "Transitive",
        "resolved": "10.0.2",
        "contentHash": "xzTbMrIIWHlFKK6NFRMIsHfzqK2dHbExxe9vFPUiqc3X1LDQQDhZayaBSQqpuJ/uy62UMjXsAeik868LRzNnBQ=="
      },
      "runtime.maccatalyst-x64.runtime.native.System.IO.Ports": {
        "type": "Transitive",
        "resolved": "10.0.2",
        "contentHash": "WwN/tR/UWni/lHlEj5uEMsVl9581YFw8yHTDuqxQMOREh1yk1F8DMjC8zC8pMtGsEdwGB/fcV9W9f1WtKgvvpw=="
      },
      "runtime.osx-arm64.runtime.native.System.IO.Ports": {
        "type": "Transitive",
        "resolved": "10.0.2",
        "contentHash": "DLFAh5tn8mAyYWyd9KsC7iAziCTqqPRHSgHfMVLzKQ5se+lD5+IGlRZHUhgTRjwyzNtUj7m45ubmRgSGTeVxqg=="
      },
      "runtime.osx-x64.runtime.native.System.IO.Ports": {
        "type": "Transitive",
        "resolved": "10.0.2",
        "contentHash": "7qkjIliunkat0eNB/4J12PXmimcJv439VCgc2kuVZIjMg7Mvrev3uNG3m2I2mTpSSSPIhV8ycXgAeoXuHODY0g=="
      },
      "System.Diagnostics.EventLog": {
        "type": "Transitive",
        "resolved": "10.0.2",
        "contentHash": "TJPpTLF5MFPobq09c9BQ5X8QuviQfsKvH0Jbm7MkGylGvfIdRqJQLZDPC5sMRFkk9aZhmgir1NJKekip2NxfaA=="
      },
      "System.IO.FileSystem.AccessControl": {
        "type": "Transitive",
        "resolved": "5.0.0",
        "contentHash": "SxHB3nuNrpptVk+vZ/F+7OHEpoHUIKKMl02bUmYHQr1r+glbZQxs7pRtsf4ENO29TVm2TH3AEeep2fJcy92oYw=="
      },
      "System.IO.Ports": {
        "type": "Transitive",
        "resolved": "10.0.2",
        "contentHash": "M3KujcSLPji8JPkv97PwMHmKsT/UpsEuPsKdu3oAprROJz3oO71T2dmMKmOCZWiPbQvkwHEhx0rEHYwtbOpmXA==",
        "dependencies": {
          "runtime.native.System.IO.Ports": "10.0.2"
        }
      },
      "System.Management": {
        "type": "Transitive",
        "resolved": "10.0.2",
        "contentHash": "eFftuy3i844lVKCb4lJvvjKfcvPVcW8KrAdSaIOcRL42/Fisj46hwUs8Bky+4avzMe5Snm5t7aSayOI1mybYXg==",
        "dependencies": {
          "System.CodeDom": "10.0.2"
        }
      }
    }
  }
}