{
  "version": 1,
  "dependencies": {
    "net10.0-windows7.0": {
      "Microsoft.NET.ILLink.Tasks": {
        "type": "Direct",
        "requested": "[10.0.1, )",
        "resolved": "10.0.1",
        "contentHash": "ISahzLHsHY7vrwqr2p1YWZ+gsxoBRtH7gWRDK8fDUst9pp2He0GiesaqEfeX0V8QMCJM3eNEHGGpnIcPjFo2NQ=="
      },
      "System.ServiceProcess.ServiceController": {
        "type": "Direct",
        "requested": "[10.0.1, )",
        "resolved": "10.0.1",
        "contentHash": "OFsr5p7rTqkke+JA3LL/qr11uJVWvf8MkbMuPbGX0KO7kDBHw3fWC36YaFWtbwUPBOvFhvrvSoHN95DfBRkzzQ==",
        "dependencies": {
          "System.Diagnostics.EventLog": "10.0.1"
        }
      },
      "BlackSharp.Core": {
        "type": "Transitive",
        "resolved": "1.0.5",
        "contentHash": "obxKSV8zIikTe+oxtbviWlPIQD51I5PM5Uli0Ar/AQY1BNPDUgNY/t0DQYMiokMxMuOTVS4AoeMsI242uN+jxA=="
      },
      "DiskInfoToolkit": {
        "type": "Transitive",
        "resolved": "1.1.0",
        "contentHash": "34WiGMXPQ49+X0mlg3Yj1Sx0clmr5SRnzuvJxS3TrhYTAJUuj8yss1fLrF/LyR5xE92EJPdcb0dASo03T9bNgw==",
        "dependencies": {
          "BlackSharp.Core": "1.0.5"
        }
      },
      "HidSharp": {
        "type": "Transitive",
        "resolved": "2.6.4",
        "contentHash": "UcGvtnXFcatwHBXr+ei8GEXvg//wjGmDGQ6Xvb+7M4vHjURAhSLIJ+dSZv0BnAhQEpNlH8G4P7JxYnMH8Aph4g=="
      },
      "Mono.Posix.NETStandard": {
        "type": "Transitive",
        "resolved": "1.0.0",
        "contentHash": "vSN/L1uaVwKsiLa95bYu2SGkF0iY3xMblTfxc8alSziPuVfJpj3geVqHGAA75J7cZkMuKpFVikz82Lo6y6LLdA=="
      },
      "RAMSPDToolkit-NDD": {
        "type": "Transitive",
        "resolved": "1.4.2",
        "contentHash": "pqIwn/HqXFnW4FVKybq6gZh3YK14OOLGWkgZzDdewjAInCOu86EO2L+FCQo8j1/v1sKwv+vgX5pnehxyrlJYJw==",
        "dependencies": {
          "BlackSharp.Core": "1.0.4",
          "System.Management": "10.0.0"
        }
      },
      "runtime.android-arm.runtime.native.System.IO.Ports": {
        "type": "Transitive",
        "resolved": "10.0.1",
        "contentHash": "yhEOSqffj06PjTKMxkwybSXqBs2O5lbu9FG8ED6SDWvGsGeKJ4lNYo/hkHUE0li3Crw85FiCQPgrzd9NXEIvhg=="
      },
      "runtime.android-arm64.runtime.native.System.IO.Ports": {
        "type": "Transitive",
        "resolved": "10.0.1",
        "contentHash": "NJy+C4G7Fon+zq4D8nDxYKAfwkZfYZeKmdA1oKaNxjnci7TJ8UDy1iy1KfQXdt6X5hYsP4B0uSICZAW4Yiim2w=="
      },
      "runtime.android-x64.runtime.native.System.IO.Ports": {
        "type": "Transitive",
        "resolved": "10.0.1",
        "contentHash": "h0FLZqO8qsBM1XN/glkcLh6fIcGte+xvIjJ2wxck/m9eFLGnDYNPOxCyiQtbCZBjTweztaP6JOW5SoS9l6cHYw=="
      },
      "runtime.android-x86.runtime.native.System.IO.Ports": {
        "type": "Transitive",
        "resolved": "10.0.1",
        "contentHash": "2zI0YJZPJ0OA/RvOAkdtArbS3VGyeNU43Xeb5YYLsFujuit++IcT2KDKRgfgMLb3INMEx4fig9TZD+qm7hM8jg=="
      },
      "runtime.linux-arm.runtime.native.System.IO.Ports": {
        "type": "Transitive",
        "resolved": "10.0.1",
        "contentHash": "1UCmlmXa/dAzZjls/L7J61fKqaRU6iz6OXE7p8tOO74GQFGJ5PUkDJNU5mJ1aW3ex0ssd0iab5eaKC66ktJzXA=="
      },
      "runtime.linux-arm64.runtime.native.System.IO.Ports": {
        "type": "Transitive",
        "resolved": "10.0.1",
        "contentHash": "USgWzDeY9xtXPRtsMzpb4jfJb7OnhbzidFvv2y9lWCqEKD4zTMW3i/f5b/CrHxs7uCzTBWoGszd98RmcI/CPag=="
      },
      "runtime.linux-bionic-arm64.runtime.native.System.IO.Ports": {
        "type": "Transitive",
        "resolved": "10.0.1",
        "contentHash": "4VVaJ2ZhgnuVEgDxbBIFvZNJg1toN6c0o3LpJSCKdkJQyycZQtvWtPD5bpWrtpIR84DjdoXo+Qaq6qlcsC4EdQ=="
      },
      "runtime.linux-bionic-x64.runtime.native.System.IO.Ports": {
        "type": "Transitive",
        "resolved": "10.0.1",
        "contentHash": "Nw3lL6Y6ipQd169pA/Y+cUSXUYLOaf3K6k35EscJcHcW4+xEd79Z48jiQAMKd3F5cpgDaU9y4pQZih88bni+yw=="
      },
      "runtime.linux-musl-arm.runtime.native.System.IO.Ports": {
        "type": "Transitive",
        "resolved": "10.0.1",
        "contentHash": "frG5f9nQZIWeyH549jBpA1URI/hXN+JY4gNwp0GSSbTxCWtQrcSNr4Zjr/KATznR9sRKwawEIZIRqadckPq1Sw=="
      },
      "runtime.linux-musl-arm64.runtime.native.System.IO.Ports": {
        "type": "Transitive",
        "resolved": "10.0.1",
        "contentHash": "xn3KKFgfG1JhtGW31/IUjOoVdeus8eNZG6YnA/uZDqn3kq5G/PH7Cb7ez8xdr44II/gX41EkkClgI6hMBIGY1Q=="
      },
      "runtime.linux-musl-x64.runtime.native.System.IO.Ports": {
        "type": "Transitive",
        "resolved": "10.0.1",
        "contentHash": "XFjkRBiuuo0RC0MM1waVjLQoTorpJn1j9JjmW0/K3o26u5tj9ay8R9aQKc43OiCu5UU8U11uknRMJErLzwd1rg=="
      },
      "runtime.linux-x64.runtime.native.System.IO.Ports": {
        "type": "Transitive",
        "resolved": "10.0.1",
        "contentHash": "iD2eWk6EYdJIwEgw7srCwEPwz4rFm6EDck7G3c6WuePC+bmqcmttZHgsS4YlishnVuK7K2C2L5Eu4lBcX3td+A=="
      },
      "runtime.maccatalyst-arm64.runtime.native.System.IO.Ports": {
        "type": "Transitive",
        "resolved": "10.0.1",
        "contentHash": "ysG788Hf97ENpVRWh7jLR4qBfD4Kr6JKo+kn7c5cbEO7xcNS0Z9iYWiYVFKGkUFQc7zyPJNsbbNnaILTogbMJA=="
      },
      "runtime.maccatalyst-x64.runtime.native.System.IO.Ports": {
        "type": "Transitive",
        "resolved": "10.0.1",
        "contentHash": "c5Czo6RusXKucg35oKHQQSfZkZ2MdvHMz/kQvyK5Xg7Nf5DPPUIdd/hCMpfjZImKCLiwLgaZ0sLLqDSnKiNZKg=="
      },
      "runtime.native.System.IO.Ports": {
        "type": "Transitive",
        "resolved": "10.0.1",
        "contentHash": "Wiv5G0Qdmf2/gIsw7gtzGGiiOhUxn2LpS7CHdGtegMf/vGVkKFdfZOJpdwbrS7X/ld8Am20auAPRUzLPCaESUg==",
        "dependencies": {
          "runtime.android-arm.runtime.native.System.IO.Ports": "10.0.1",
          "runtime.android-arm64.runtime.native.System.IO.Ports": "10.0.1",
          "runtime.android-x64.runtime.native.System.IO.Ports": "10.0.1",
          "runtime.android-x86.runtime.native.System.IO.Ports": "10.0.1",
          "runtime.linux-arm.runtime.native.System.IO.Ports": "10.0.1",
          "runtime.linux-arm64.runtime.native.System.IO.Ports": "10.0.1",
          "runtime.linux-bionic-arm64.runtime.native.System.IO.Ports": "10.0.1",
          "runtime.linux-bionic-x64.runtime.native.System.IO.Ports": "10.0.1",
          "runtime.linux-musl-arm.runtime.native.System.IO.Ports": "10.0.1",
          "runtime.linux-musl-arm64.runtime.native.System.IO.Ports": "10.0.1",
          "runtime.linux-musl-x64.runtime.native.System.IO.Ports": "10.0.1",
          "runtime.linux-x64.runtime.native.System.IO.Ports": "10.0.1",
          "runtime.maccatalyst-arm64.runtime.native.System.IO.Ports": "10.0.1",
          "runtime.maccatalyst-x64.runtime.native.System.IO.Ports": "10.0.1",
          "runtime.osx-arm64.runtime.native.System.IO.Ports": "10.0.1",
          "runtime.osx-x64.runtime.native.System.IO.Ports": "10.0.1"
        }
      },
      "runtime.osx-arm64.runtime.native.System.IO.Ports": {
        "type": "Transitive",
        "resolved": "10.0.1",
        "contentHash": "BeZlb2yS+IGcRJWMawovOee+yEh6rqMXrx2Gw2WOcG1/N+WkJa6lNMhsw90lsLIm9R4vl21RsSvoWwG7/uIjMw=="
      },
      "runtime.osx-x64.runtime.native.System.IO.Ports": {
        "type": "Transitive",
        "resolved": "10.0.1",
        "contentHash": "CB4OcbQwWX+/qKbhKgcGRWl9Mg7T0pK39nl6KgOw7Akfb37eudFOaT9klv/MMsLN6kTq6CMIRVd0+kD4Pd2szQ=="
      },
      "System.CodeDom": {
        "type": "Transitive",
        "resolved": "10.0.1",
        "contentHash": "owy+NlWSBRNLZO8CZ7IguuaPHHiAivjstTciM7YlXyDDqBY26FMl3F9Nw04n8Dog1JaxFlZiEIEXKPaigRmkNg=="
      },
      "System.Diagnostics.EventLog": {
        "type": "Transitive",
        "resolved": "10.0.1",
        "contentHash": "xfaHEHVDkMOOZR5S6ZGezD0+vekdH1Nx/9Ih8/rOqOGSOk1fxiN3u94bYkBW/wigj0Uw2Wt3vvRj9mtYdgwEjw=="
      },
      "System.IO.FileSystem.AccessControl": {
        "type": "Transitive",
        "resolved": "5.0.0",
        "contentHash": "SxHB3nuNrpptVk+vZ/F+7OHEpoHUIKKMl02bUmYHQr1r+glbZQxs7pRtsf4ENO29TVm2TH3AEeep2fJcy92oYw=="
      },
      "System.IO.Ports": {
        "type": "Transitive",
        "resolved": "10.0.1",
        "contentHash": "2aDgBhEsZzlJBYqcI7bvEL6IsWq1KWGNdilscFIxW48QBoTQbxES0aVhB8YmvVZXwEVrcUQb4XNShBmsqg/l3Q==",
        "dependencies": {
          "runtime.native.System.IO.Ports": "10.0.1"
        }
      },
      "System.Management": {
        "type": "Transitive",
        "resolved": "10.0.1",
        "contentHash": "/mywt9LtfYM+QbnIPPqdES/qWWU3tkorSDHPX99KYhCTtxdjGFmLcz7QwpAAeBKU0o+rZzEcpKZlrtEr1Xq39g==",
        "dependencies": {
          "System.CodeDom": "10.0.1"
        }
      },
      "librehardwaremonitorlib": {
        "type": "Project",
        "dependencies": {
          "DiskInfoToolkit": "[1.1.0, )",
          "HidSharp": "[2.6.4, )",
          "Mono.Posix.NETStandard": "[1.0.0, )",
          "RAMSPDToolkit-NDD": "[1.4.2, )",
          "System.IO.FileSystem.AccessControl": "[5.0.0, )",
          "System.IO.Ports": "[10.0.1, )",
          "System.Management": "[10.0.1, )"
        }
      }
    },
    "net10.0-windows7.0/win-x64": {
      "System.ServiceProcess.ServiceController": {
        "type": "Direct",
        "requested": "[10.0.1, )",
        "resolved": "10.0.1",
        "contentHash": "OFsr5p7rTqkke+JA3LL/qr11uJVWvf8MkbMuPbGX0KO7kDBHw3fWC36YaFWtbwUPBOvFhvrvSoHN95DfBRkzzQ==",
        "dependencies": {
          "System.Diagnostics.EventLog": "10.0.1"
        }
      },
      "Mono.Posix.NETStandard": {
        "type": "Transitive",
        "resolved": "1.0.0",
        "contentHash": "vSN/L1uaVwKsiLa95bYu2SGkF0iY3xMblTfxc8alSziPuVfJpj3geVqHGAA75J7cZkMuKpFVikz82Lo6y6LLdA=="
      },
      "runtime.android-arm.runtime.native.System.IO.Ports": {
        "type": "Transitive",
        "resolved": "10.0.1",
        "contentHash": "yhEOSqffj06PjTKMxkwybSXqBs2O5lbu9FG8ED6SDWvGsGeKJ4lNYo/hkHUE0li3Crw85FiCQPgrzd9NXEIvhg=="
      },
      "runtime.android-arm64.runtime.native.System.IO.Ports": {
        "type": "Transitive",
        "resolved": "10.0.1",
        "contentHash": "NJy+C4G7Fon+zq4D8nDxYKAfwkZfYZeKmdA1oKaNxjnci7TJ8UDy1iy1KfQXdt6X5hYsP4B0uSICZAW4Yiim2w=="
      },
      "runtime.android-x64.runtime.native.System.IO.Ports": {
        "type": "Transitive",
        "resolved": "10.0.1",
        "contentHash": "h0FLZqO8qsBM1XN/glkcLh6fIcGte+xvIjJ2wxck/m9eFLGnDYNPOxCyiQtbCZBjTweztaP6JOW5SoS9l6cHYw=="
      },
      "runtime.android-x86.runtime.native.System.IO.Ports": {
        "type": "Transitive",
        "resolved": "10.0.1",
        "contentHash": "2zI0YJZPJ0OA/RvOAkdtArbS3VGyeNU43Xeb5YYLsFujuit++IcT2KDKRgfgMLb3INMEx4fig9TZD+qm7hM8jg=="
      },
      "runtime.linux-arm.runtime.native.System.IO.Ports": {
        "type": "Transitive",
        "resolved": "10.0.1",
        "contentHash": "1UCmlmXa/dAzZjls/L7J61fKqaRU6iz6OXE7p8tOO74GQFGJ5PUkDJNU5mJ1aW3ex0ssd0iab5eaKC66ktJzXA=="
      },
      "runtime.linux-arm64.runtime.native.System.IO.Ports": {
        "type": "Transitive",
        "resolved": "10.0.1",
        "contentHash": "USgWzDeY9xtXPRtsMzpb4jfJb7OnhbzidFvv2y9lWCqEKD4zTMW3i/f5b/CrHxs7uCzTBWoGszd98RmcI/CPag=="
      },
      "runtime.linux-bionic-arm64.runtime.native.System.IO.Ports": {
        "type": "Transitive",
        "resolved": "10.0.1",
        "contentHash": "4VVaJ2ZhgnuVEgDxbBIFvZNJg1toN6c0o3LpJSCKdkJQyycZQtvWtPD5bpWrtpIR84DjdoXo+Qaq6qlcsC4EdQ=="
      },
      "runtime.linux-bionic-x64.runtime.native.System.IO.Ports": {
        "type": "Transitive",
        "resolved": "10.0.1",
        "contentHash": "Nw3lL6Y6ipQd169pA/Y+cUSXUYLOaf3K6k35EscJcHcW4+xEd79Z48jiQAMKd3F5cpgDaU9y4pQZih88bni+yw=="
      },
      "runtime.linux-musl-arm.runtime.native.System.IO.Ports": {
        "type": "Transitive",
        "resolved": "10.0.1",
        "contentHash": "frG5f9nQZIWeyH549jBpA1URI/hXN+JY4gNwp0GSSbTxCWtQrcSNr4Zjr/KATznR9sRKwawEIZIRqadckPq1Sw=="
      },
      "runtime.linux-musl-arm64.runtime.native.System.IO.Ports": {
        "type": "Transitive",
        "resolved": "10.0.1",
        "contentHash": "xn3KKFgfG1JhtGW31/IUjOoVdeus8eNZG6YnA/uZDqn3kq5G/PH7Cb7ez8xdr44II/gX41EkkClgI6hMBIGY1Q=="
      },
      "runtime.linux-musl-x64.runtime.native.System.IO.Ports": {
        "type": "Transitive",
        "resolved": "10.0.1",
        "contentHash": "XFjkRBiuuo0RC0MM1waVjLQoTorpJn1j9JjmW0/K3o26u5tj9ay8R9aQKc43OiCu5UU8U11uknRMJErLzwd1rg=="
      },
      "runtime.linux-x64.runtime.native.System.IO.Ports": {
        "type": "Transitive",
        "resolved": "10.0.1",
        "contentHash": "iD2eWk6EYdJIwEgw7srCwEPwz4rFm6EDck7G3c6WuePC+bmqcmttZHgsS4YlishnVuK7K2C2L5Eu4lBcX3td+A=="
      },
      "runtime.maccatalyst-arm64.runtime.native.System.IO.Ports": {
        "type": "Transitive",
        "resolved": "10.0.1",
        "contentHash": "ysG788Hf97ENpVRWh7jLR4qBfD4Kr6JKo+kn7c5cbEO7xcNS0Z9iYWiYVFKGkUFQc7zyPJNsbbNnaILTogbMJA=="
      },
      "runtime.maccatalyst-x64.runtime.native.System.IO.Ports": {
        "type": "Transitive",
        "resolved": "10.0.1",
        "contentHash": "c5Czo6RusXKucg35oKHQQSfZkZ2MdvHMz/kQvyK5Xg7Nf5DPPUIdd/hCMpfjZImKCLiwLgaZ0sLLqDSnKiNZKg=="
      },
      "runtime.osx-arm64.runtime.native.System.IO.Ports": {
        "type": "Transitive",
        "resolved": "10.0.1",
        "contentHash": "BeZlb2yS+IGcRJWMawovOee+yEh6rqMXrx2Gw2WOcG1/N+WkJa6lNMhsw90lsLIm9R4vl21RsSvoWwG7/uIjMw=="
      },
      "runtime.osx-x64.runtime.native.System.IO.Ports": {
        "type": "Transitive",
        "resolved": "10.0.1",
        "contentHash": "CB4OcbQwWX+/qKbhKgcGRWl9Mg7T0pK39nl6KgOw7Akfb37eudFOaT9klv/MMsLN6kTq6CMIRVd0+kD4Pd2szQ=="
      },
      "System.Diagnostics.EventLog": {
        "type": "Transitive",
        "resolved": "10.0.1",
        "contentHash": "xfaHEHVDkMOOZR5S6ZGezD0+vekdH1Nx/9Ih8/rOqOGSOk1fxiN3u94bYkBW/wigj0Uw2Wt3vvRj9mtYdgwEjw=="
      },
      "System.IO.FileSystem.AccessControl": {
        "type": "Transitive",
        "resolved": "5.0.0",
        "contentHash": "SxHB3nuNrpptVk+vZ/F+7OHEpoHUIKKMl02bUmYHQr1r+glbZQxs7pRtsf4ENO29TVm2TH3AEeep2fJcy92oYw=="
      },
      "System.IO.Ports": {
        "type": "Transitive",
        "resolved": "10.0.1",
        "contentHash": "2aDgBhEsZzlJBYqcI7bvEL6IsWq1KWGNdilscFIxW48QBoTQbxES0aVhB8YmvVZXwEVrcUQb4XNShBmsqg/l3Q==",
        "dependencies": {
          "runtime.native.System.IO.Ports": "10.0.1"
        }
      },
      "System.Management": {
        "type": "Transitive",
        "resolved": "10.0.1",
        "contentHash": "/mywt9LtfYM+QbnIPPqdES/qWWU3tkorSDHPX99KYhCTtxdjGFmLcz7QwpAAeBKU0o+rZzEcpKZlrtEr1Xq39g==",
        "dependencies": {
          "System.CodeDom": "10.0.1"
        }
      }
    }
  }
}